
Microsoft Visual Studio Solution File, Format Version 12.00
# Visual Studio Version 16
VisualStudioVersion = 16.0.30503.244
MinimumVisualStudioVersion = 10.0.40219.1
Project("{8BC9CEB8-8B4A-11D0-8D11-00A0C91BC942}") = "Campbell Assignment2", "Campbell Assignment2\Campbell Assignment2.vcxproj", "{23CFFE0C-3DE4-4AA8-9D55-D05CBB61F963}"
EndProject
Global
	GlobalSection(SolutionConfigurationPlatforms) = preSolution
		Debug|x64 = Debug|x64
		Debug|x86 = Debug|x86
		Release|x64 = Release|x64
		Release|x86 = Release|x86
	EndGlobalSection
	GlobalSection(ProjectConfigurationPlatforms) = postSolution
		{23CFFE0C-3DE4-4AA8-9D55-D05CBB61F963}.Debug|x64.ActiveCfg = Debug|x64
		{23CFFE0C-3DE4-4AA8-9D55-D05CBB61F963}.Debug|x64.Build.0 = Debug|x64
		{23CFFE0C-3DE4-4AA8-9D55-D05CBB61F963}.Debug|x86.ActiveCfg = Debug|Win32
		{23CFFE0C-3DE4-4AA8-9D55-D05CBB61F963}.Debug|x86.Build.0 = Debug|Win32
		{23CFFE0C-3DE4-4AA8-9D55-D05CBB61F963}.Release|x64.ActiveCfg = Release|x64
		{23CFFE0C-3DE4-4AA8-9D55-D05CBB61F963}.Release|x64.Build.0 = Release|x64
		{23CFFE0C-3DE4-4AA8-9D55-D05CBB61F963}.Release|x86.ActiveCfg = Release|Win32
		{23CFFE0C-3DE4-4AA8-9D55-D05CBB61F963}.Release|x86.Build.0 = Release|Win32
	EndGlobalSection
	GlobalSection(SolutionProperties) = preSolution
		HideSolutionNode = FALSE
	EndGlobalSection
	GlobalSection(ExtensibilityGlobals) = postSolution
		SolutionGuid = {553F7101-C20B-4098-A996-2D7C526386C1}
	EndGlobalSection
EndGlobal
