
Microsoft Visual Studio Solution File, Format Version 12.00
# Visual Studio Version 16
VisualStudioVersion = 16.0.30413.136
MinimumVisualStudioVersion = 10.0.40219.1
Project("{8BC9CEB8-8B4A-11D0-8D11-00A0C91BC942}") = "Campbell Assignment1", "Campbell Assignment1\Campbell Assignment1.vcxproj", "{FC3CCF71-C833-4D9F-83C8-4315FEA132F6}"
EndProject
Global
	GlobalSection(SolutionConfigurationPlatforms) = preSolution
		Debug|x64 = Debug|x64
		Debug|x86 = Debug|x86
		Release|x64 = Release|x64
		Release|x86 = Release|x86
	EndGlobalSection
	GlobalSection(ProjectConfigurationPlatforms) = postSolution
		{FC3CCF71-C833-4D9F-83C8-4315FEA132F6}.Debug|x64.ActiveCfg = Debug|x64
		{FC3CCF71-C833-4D9F-83C8-4315FEA132F6}.Debug|x64.Build.0 = Debug|x64
		{FC3CCF71-C833-4D9F-83C8-4315FEA132F6}.Debug|x86.ActiveCfg = Debug|Win32
		{FC3CCF71-C833-4D9F-83C8-4315FEA132F6}.Debug|x86.Build.0 = Debug|Win32
		{FC3CCF71-C833-4D9F-83C8-4315FEA132F6}.Release|x64.ActiveCfg = Release|x64
		{FC3CCF71-C833-4D9F-83C8-4315FEA132F6}.Release|x64.Build.0 = Release|x64
		{FC3CCF71-C833-4D9F-83C8-4315FEA132F6}.Release|x86.ActiveCfg = Release|Win32
		{FC3CCF71-C833-4D9F-83C8-4315FEA132F6}.Release|x86.Build.0 = Release|Win32
	EndGlobalSection
	GlobalSection(SolutionProperties) = preSolution
		HideSolutionNode = FALSE
	EndGlobalSection
	GlobalSection(ExtensibilityGlobals) = postSolution
		SolutionGuid = {7A61EB4C-88C8-4BE1-A4C7-850C97EE973F}
	EndGlobalSection
EndGlobal
